
Microsoft Visual Studio Solution File, Format Version 11.00
# Visual Studio 2010
Project("{FAE04EC0-301F-11D3-BF4B-00C04F79EFBC}") = "bball", "bball\bball.csproj", "{F43DF898-F17B-4686-80AB-79E27FD43799}"
	ProjectSection(ProjectDependencies) = postProject
		{236CCA21-EDE8-410E-9B97-14AAD348875A} = {236CCA21-EDE8-410E-9B97-14AAD348875A}
		{490400E0-71EC-4A04-95DC-111A7F56CC27} = {490400E0-71EC-4A04-95DC-111A7F56CC27}
	EndProjectSection
EndProject
Project("{FAE04EC0-301F-11D3-BF4B-00C04F79EFBC}") = "Renderer", "Renderer\Renderer.csproj", "{236CCA21-EDE8-410E-9B97-14AAD348875A}"
	ProjectSection(ProjectDependencies) = postProject
		{490400E0-71EC-4A04-95DC-111A7F56CC27} = {490400E0-71EC-4A04-95DC-111A7F56CC27}
	EndProjectSection
EndProject
Project("{FAE04EC0-301F-11D3-BF4B-00C04F79EFBC}") = "Core", "Core\Core.csproj", "{490400E0-71EC-4A04-95DC-111A7F56CC27}"
EndProject
Project("{FAE04EC0-301F-11D3-BF4B-00C04F79EFBC}") = "AI", "AI\AI.csproj", "{11720E78-627C-498A-B8DE-C9CD8C3E6F6B}"
EndProject
Global
	GlobalSection(SolutionConfigurationPlatforms) = preSolution
		Debug|Any CPU = Debug|Any CPU
		Debug|Mixed Platforms = Debug|Mixed Platforms
		Debug|x86 = Debug|x86
		Release|Any CPU = Release|Any CPU
		Release|Mixed Platforms = Release|Mixed Platforms
		Release|x86 = Release|x86
	EndGlobalSection
	GlobalSection(ProjectConfigurationPlatforms) = postSolution
		{F43DF898-F17B-4686-80AB-79E27FD43799}.Debug|Any CPU.ActiveCfg = Debug|x86
		{F43DF898-F17B-4686-80AB-79E27FD43799}.Debug|Mixed Platforms.ActiveCfg = Debug|x86
		{F43DF898-F17B-4686-80AB-79E27FD43799}.Debug|Mixed Platforms.Build.0 = Debug|x86
		{F43DF898-F17B-4686-80AB-79E27FD43799}.Debug|x86.ActiveCfg = Debug|x86
		{F43DF898-F17B-4686-80AB-79E27FD43799}.Debug|x86.Build.0 = Debug|x86
		{F43DF898-F17B-4686-80AB-79E27FD43799}.Release|Any CPU.ActiveCfg = Release|x86
		{F43DF898-F17B-4686-80AB-79E27FD43799}.Release|Mixed Platforms.ActiveCfg = Release|x86
		{F43DF898-F17B-4686-80AB-79E27FD43799}.Release|Mixed Platforms.Build.0 = Release|x86
		{F43DF898-F17B-4686-80AB-79E27FD43799}.Release|x86.ActiveCfg = Release|x86
		{F43DF898-F17B-4686-80AB-79E27FD43799}.Release|x86.Build.0 = Release|x86
		{236CCA21-EDE8-410E-9B97-14AAD348875A}.Debug|Any CPU.ActiveCfg = Debug|Any CPU
		{236CCA21-EDE8-410E-9B97-14AAD348875A}.Debug|Any CPU.Build.0 = Debug|Any CPU
		{236CCA21-EDE8-410E-9B97-14AAD348875A}.Debug|Mixed Platforms.ActiveCfg = Debug|Any CPU
		{236CCA21-EDE8-410E-9B97-14AAD348875A}.Debug|Mixed Platforms.Build.0 = Debug|Any CPU
		{236CCA21-EDE8-410E-9B97-14AAD348875A}.Debug|x86.ActiveCfg = Debug|Any CPU
		{236CCA21-EDE8-410E-9B97-14AAD348875A}.Release|Any CPU.ActiveCfg = Release|Any CPU
		{236CCA21-EDE8-410E-9B97-14AAD348875A}.Release|Any CPU.Build.0 = Release|Any CPU
		{236CCA21-EDE8-410E-9B97-14AAD348875A}.Release|Mixed Platforms.ActiveCfg = Release|Any CPU
		{236CCA21-EDE8-410E-9B97-14AAD348875A}.Release|Mixed Platforms.Build.0 = Release|Any CPU
		{236CCA21-EDE8-410E-9B97-14AAD348875A}.Release|x86.ActiveCfg = Release|Any CPU
		{490400E0-71EC-4A04-95DC-111A7F56CC27}.Debug|Any CPU.ActiveCfg = Debug|Any CPU
		{490400E0-71EC-4A04-95DC-111A7F56CC27}.Debug|Any CPU.Build.0 = Debug|Any CPU
		{490400E0-71EC-4A04-95DC-111A7F56CC27}.Debug|Mixed Platforms.ActiveCfg = Debug|Any CPU
		{490400E0-71EC-4A04-95DC-111A7F56CC27}.Debug|Mixed Platforms.Build.0 = Debug|Any CPU
		{490400E0-71EC-4A04-95DC-111A7F56CC27}.Debug|x86.ActiveCfg = Debug|Any CPU
		{490400E0-71EC-4A04-95DC-111A7F56CC27}.Release|Any CPU.ActiveCfg = Release|Any CPU
		{490400E0-71EC-4A04-95DC-111A7F56CC27}.Release|Any CPU.Build.0 = Release|Any CPU
		{490400E0-71EC-4A04-95DC-111A7F56CC27}.Release|Mixed Platforms.ActiveCfg = Release|Any CPU
		{490400E0-71EC-4A04-95DC-111A7F56CC27}.Release|Mixed Platforms.Build.0 = Release|Any CPU
		{490400E0-71EC-4A04-95DC-111A7F56CC27}.Release|x86.ActiveCfg = Release|Any CPU
		{11720E78-627C-498A-B8DE-C9CD8C3E6F6B}.Debug|Any CPU.ActiveCfg = Debug|Any CPU
		{11720E78-627C-498A-B8DE-C9CD8C3E6F6B}.Debug|Any CPU.Build.0 = Debug|Any CPU
		{11720E78-627C-498A-B8DE-C9CD8C3E6F6B}.Debug|Mixed Platforms.ActiveCfg = Debug|Any CPU
		{11720E78-627C-498A-B8DE-C9CD8C3E6F6B}.Debug|Mixed Platforms.Build.0 = Debug|Any CPU
		{11720E78-627C-498A-B8DE-C9CD8C3E6F6B}.Debug|x86.ActiveCfg = Debug|Any CPU
		{11720E78-627C-498A-B8DE-C9CD8C3E6F6B}.Release|Any CPU.ActiveCfg = Release|Any CPU
		{11720E78-627C-498A-B8DE-C9CD8C3E6F6B}.Release|Any CPU.Build.0 = Release|Any CPU
		{11720E78-627C-498A-B8DE-C9CD8C3E6F6B}.Release|Mixed Platforms.ActiveCfg = Release|Any CPU
		{11720E78-627C-498A-B8DE-C9CD8C3E6F6B}.Release|Mixed Platforms.Build.0 = Release|Any CPU
		{11720E78-627C-498A-B8DE-C9CD8C3E6F6B}.Release|x86.ActiveCfg = Release|Any CPU
	EndGlobalSection
	GlobalSection(SolutionProperties) = preSolution
		HideSolutionNode = FALSE
	EndGlobalSection
EndGlobal
